
Microsoft Visual Studio Solution File, Format Version 12.00
# Visual Studio Version 17
VisualStudioVersion = 17.3.32811.315
MinimumVisualStudioVersion = 10.0.40219.1
Project("{FAE04EC0-301F-11D3-BF4B-00C04F79EFBC}") = "AppointmentBooker", "AppointmentBooker\AppointmentBooker.csproj", "{E1DDB8A2-1056-4A4B-A3DE-FABF05C3DD2E}"
EndProject
Project("{FAE04EC0-301F-11D3-BF4B-00C04F79EFBC}") = "Services", "Services\Services.csproj", "{606B2634-0B09-4C3A-B915-0E5DE97BC626}"
EndProject
Global
	GlobalSection(SolutionConfigurationPlatforms) = preSolution
		Debug|Any CPU = Debug|Any CPU
		Release|Any CPU = Release|Any CPU
	EndGlobalSection
	GlobalSection(ProjectConfigurationPlatforms) = postSolution
		{E1DDB8A2-1056-4A4B-A3DE-FABF05C3DD2E}.Debug|Any CPU.ActiveCfg = Debug|Any CPU
		{E1DDB8A2-1056-4A4B-A3DE-FABF05C3DD2E}.Debug|Any CPU.Build.0 = Debug|Any CPU
		{E1DDB8A2-1056-4A4B-A3DE-FABF05C3DD2E}.Release|Any CPU.ActiveCfg = Release|Any CPU
		{E1DDB8A2-1056-4A4B-A3DE-FABF05C3DD2E}.Release|Any CPU.Build.0 = Release|Any CPU
		{606B2634-0B09-4C3A-B915-0E5DE97BC626}.Debug|Any CPU.ActiveCfg = Debug|Any CPU
		{606B2634-0B09-4C3A-B915-0E5DE97BC626}.Debug|Any CPU.Build.0 = Debug|Any CPU
		{606B2634-0B09-4C3A-B915-0E5DE97BC626}.Release|Any CPU.ActiveCfg = Release|Any CPU
		{606B2634-0B09-4C3A-B915-0E5DE97BC626}.Release|Any CPU.Build.0 = Release|Any CPU
	EndGlobalSection
	GlobalSection(SolutionProperties) = preSolution
		HideSolutionNode = FALSE
	EndGlobalSection
	GlobalSection(ExtensibilityGlobals) = postSolution
		SolutionGuid = {637DBB3A-CE24-4281-9DD5-CE213B5C10C0}
	EndGlobalSection
EndGlobal
